
Microsoft Visual Studio Solution File, Format Version 12.00
# Visual Studio Version 16
VisualStudioVersion = 16.0.29215.179
MinimumVisualStudioVersion = 10.0.40219.1
Project("{FAE04EC0-301F-11D3-BF4B-00C04F79EFBC}") = "HelloWrold.UWP", "HelloWrold\HelloWrold.UWP\HelloWrold.UWP.csproj", "{E5666EC8-3D42-4036-B05B-D345E11D65E0}"
EndProject
Project("{FAE04EC0-301F-11D3-BF4B-00C04F79EFBC}") = "HelloWrold.Android", "HelloWrold\HelloWrold.Android\HelloWrold.Android.csproj", "{ED169297-CC56-49D6-8261-417E30996FFD}"
EndProject
Project("{FAE04EC0-301F-11D3-BF4B-00C04F79EFBC}") = "HelloWrold.iOS", "HelloWrold\HelloWrold.iOS\HelloWrold.iOS.csproj", "{5FF8B9AE-2F14-4B02-88FE-9EF117CDF5E8}"
EndProject
Project("{FAE04EC0-301F-11D3-BF4B-00C04F79EFBC}") = "HelloWrold", "HelloWrold\HelloWrold\HelloWrold.csproj", "{3CDBC1B2-AAAE-4FCC-8D80-8DDDBDB2818F}"
EndProject
Global
	GlobalSection(SolutionConfigurationPlatforms) = preSolution
		Debug|Any CPU = Debug|Any CPU
		Debug|ARM = Debug|ARM
		Debug|iPhone = Debug|iPhone
		Debug|iPhoneSimulator = Debug|iPhoneSimulator
		Debug|x64 = Debug|x64
		Debug|x86 = Debug|x86
		Release|Any CPU = Release|Any CPU
		Release|ARM = Release|ARM
		Release|iPhone = Release|iPhone
		Release|iPhoneSimulator = Release|iPhoneSimulator
		Release|x64 = Release|x64
		Release|x86 = Release|x86
	EndGlobalSection
	GlobalSection(ProjectConfigurationPlatforms) = postSolution
		{E5666EC8-3D42-4036-B05B-D345E11D65E0}.Debug|Any CPU.ActiveCfg = Debug|x86
		{E5666EC8-3D42-4036-B05B-D345E11D65E0}.Debug|Any CPU.Build.0 = Debug|x86
		{E5666EC8-3D42-4036-B05B-D345E11D65E0}.Debug|Any CPU.Deploy.0 = Debug|x86
		{E5666EC8-3D42-4036-B05B-D345E11D65E0}.Debug|ARM.ActiveCfg = Debug|ARM
		{E5666EC8-3D42-4036-B05B-D345E11D65E0}.Debug|ARM.Build.0 = Debug|ARM
		{E5666EC8-3D42-4036-B05B-D345E11D65E0}.Debug|ARM.Deploy.0 = Debug|ARM
		{E5666EC8-3D42-4036-B05B-D345E11D65E0}.Debug|iPhone.ActiveCfg = Debug|x86
		{E5666EC8-3D42-4036-B05B-D345E11D65E0}.Debug|iPhone.Build.0 = Debug|x86
		{E5666EC8-3D42-4036-B05B-D345E11D65E0}.Debug|iPhone.Deploy.0 = Debug|x86
		{E5666EC8-3D42-4036-B05B-D345E11D65E0}.Debug|iPhoneSimulator.ActiveCfg = Debug|x86
		{E5666EC8-3D42-4036-B05B-D345E11D65E0}.Debug|iPhoneSimulator.Build.0 = Debug|x86
		{E5666EC8-3D42-4036-B05B-D345E11D65E0}.Debug|iPhoneSimulator.Deploy.0 = Debug|x86
		{E5666EC8-3D42-4036-B05B-D345E11D65E0}.Debug|x64.ActiveCfg = Debug|x64
		{E5666EC8-3D42-4036-B05B-D345E11D65E0}.Debug|x64.Build.0 = Debug|x64
		{E5666EC8-3D42-4036-B05B-D345E11D65E0}.Debug|x64.Deploy.0 = Debug|x64
		{E5666EC8-3D42-4036-B05B-D345E11D65E0}.Debug|x86.ActiveCfg = Debug|x86
		{E5666EC8-3D42-4036-B05B-D345E11D65E0}.Debug|x86.Build.0 = Debug|x86
		{E5666EC8-3D42-4036-B05B-D345E11D65E0}.Debug|x86.Deploy.0 = Debug|x86
		{E5666EC8-3D42-4036-B05B-D345E11D65E0}.Release|Any CPU.ActiveCfg = Release|x86
		{E5666EC8-3D42-4036-B05B-D345E11D65E0}.Release|Any CPU.Build.0 = Release|x86
		{E5666EC8-3D42-4036-B05B-D345E11D65E0}.Release|Any CPU.Deploy.0 = Release|x86
		{E5666EC8-3D42-4036-B05B-D345E11D65E0}.Release|ARM.ActiveCfg = Release|ARM
		{E5666EC8-3D42-4036-B05B-D345E11D65E0}.Release|ARM.Build.0 = Release|ARM
		{E5666EC8-3D42-4036-B05B-D345E11D65E0}.Release|ARM.Deploy.0 = Release|ARM
		{E5666EC8-3D42-4036-B05B-D345E11D65E0}.Release|iPhone.ActiveCfg = Release|x86
		{E5666EC8-3D42-4036-B05B-D345E11D65E0}.Release|iPhone.Build.0 = Release|x86
		{E5666EC8-3D42-4036-B05B-D345E11D65E0}.Release|iPhone.Deploy.0 = Release|x86
		{E5666EC8-3D42-4036-B05B-D345E11D65E0}.Release|iPhoneSimulator.ActiveCfg = Release|x86
		{E5666EC8-3D42-4036-B05B-D345E11D65E0}.Release|iPhoneSimulator.Build.0 = Release|x86
		{E5666EC8-3D42-4036-B05B-D345E11D65E0}.Release|iPhoneSimulator.Deploy.0 = Release|x86
		{E5666EC8-3D42-4036-B05B-D345E11D65E0}.Release|x64.ActiveCfg = Release|x64
		{E5666EC8-3D42-4036-B05B-D345E11D65E0}.Release|x64.Build.0 = Release|x64
		{E5666EC8-3D42-4036-B05B-D345E11D65E0}.Release|x64.Deploy.0 = Release|x64
		{E5666EC8-3D42-4036-B05B-D345E11D65E0}.Release|x86.ActiveCfg = Release|x86
		{E5666EC8-3D42-4036-B05B-D345E11D65E0}.Release|x86.Build.0 = Release|x86
		{E5666EC8-3D42-4036-B05B-D345E11D65E0}.Release|x86.Deploy.0 = Release|x86
		{ED169297-CC56-49D6-8261-417E30996FFD}.Debug|Any CPU.ActiveCfg = Debug|Any CPU
		{ED169297-CC56-49D6-8261-417E30996FFD}.Debug|Any CPU.Build.0 = Debug|Any CPU
		{ED169297-CC56-49D6-8261-417E30996FFD}.Debug|Any CPU.Deploy.0 = Debug|Any CPU
		{ED169297-CC56-49D6-8261-417E30996FFD}.Debug|ARM.ActiveCfg = Debug|Any CPU
		{ED169297-CC56-49D6-8261-417E30996FFD}.Debug|ARM.Build.0 = Debug|Any CPU
		{ED169297-CC56-49D6-8261-417E30996FFD}.Debug|ARM.Deploy.0 = Debug|Any CPU
		{ED169297-CC56-49D6-8261-417E30996FFD}.Debug|iPhone.ActiveCfg = Debug|Any CPU
		{ED169297-CC56-49D6-8261-417E30996FFD}.Debug|iPhone.Build.0 = Debug|Any CPU
		{ED169297-CC56-49D6-8261-417E30996FFD}.Debug|iPhone.Deploy.0 = Debug|Any CPU
		{ED169297-CC56-49D6-8261-417E30996FFD}.Debug|iPhoneSimulator.ActiveCfg = Debug|Any CPU
		{ED169297-CC56-49D6-8261-417E30996FFD}.Debug|iPhoneSimulator.Build.0 = Debug|Any CPU
		{ED169297-CC56-49D6-8261-417E30996FFD}.Debug|iPhoneSimulator.Deploy.0 = Debug|Any CPU
		{ED169297-CC56-49D6-8261-417E30996FFD}.Debug|x64.ActiveCfg = Debug|Any CPU
		{ED169297-CC56-49D6-8261-417E30996FFD}.Debug|x64.Build.0 = Debug|Any CPU
		{ED169297-CC56-49D6-8261-417E30996FFD}.Debug|x64.Deploy.0 = Debug|Any CPU
		{ED169297-CC56-49D6-8261-417E30996FFD}.Debug|x86.ActiveCfg = Debug|Any CPU
		{ED169297-CC56-49D6-8261-417E30996FFD}.Debug|x86.Build.0 = Debug|Any CPU
		{ED169297-CC56-49D6-8261-417E30996FFD}.Debug|x86.Deploy.0 = Debug|Any CPU
		{ED169297-CC56-49D6-8261-417E30996FFD}.Release|Any CPU.ActiveCfg = Release|Any CPU
		{ED169297-CC56-49D6-8261-417E30996FFD}.Release|Any CPU.Build.0 = Release|Any CPU
		{ED169297-CC56-49D6-8261-417E30996FFD}.Release|Any CPU.Deploy.0 = Release|Any CPU
		{ED169297-CC56-49D6-8261-417E30996FFD}.Release|ARM.ActiveCfg = Release|Any CPU
		{ED169297-CC56-49D6-8261-417E30996FFD}.Release|ARM.Build.0 = Release|Any CPU
		{ED169297-CC56-49D6-8261-417E30996FFD}.Release|ARM.Deploy.0 = Release|Any CPU
		{ED169297-CC56-49D6-8261-417E30996FFD}.Release|iPhone.ActiveCfg = Release|Any CPU
		{ED169297-CC56-49D6-8261-417E30996FFD}.Release|iPhone.Build.0 = Release|Any CPU
		{ED169297-CC56-49D6-8261-417E30996FFD}.Release|iPhone.Deploy.0 = Release|Any CPU
		{ED169297-CC56-49D6-8261-417E30996FFD}.Release|iPhoneSimulator.ActiveCfg = Release|Any CPU
		{ED169297-CC56-49D6-8261-417E30996FFD}.Release|iPhoneSimulator.Build.0 = Release|Any CPU
		{ED169297-CC56-49D6-8261-417E30996FFD}.Release|iPhoneSimulator.Deploy.0 = Release|Any CPU
		{ED169297-CC56-49D6-8261-417E30996FFD}.Release|x64.ActiveCfg = Release|Any CPU
		{ED169297-CC56-49D6-8261-417E30996FFD}.Release|x64.Build.0 = Release|Any CPU
		{ED169297-CC56-49D6-8261-417E30996FFD}.Release|x64.Deploy.0 = Release|Any CPU
		{ED169297-CC56-49D6-8261-417E30996FFD}.Release|x86.ActiveCfg = Release|Any CPU
		{ED169297-CC56-49D6-8261-417E30996FFD}.Release|x86.Build.0 = Release|Any CPU
		{ED169297-CC56-49D6-8261-417E30996FFD}.Release|x86.Deploy.0 = Release|Any CPU
		{5FF8B9AE-2F14-4B02-88FE-9EF117CDF5E8}.Debug|Any CPU.ActiveCfg = Debug|iPhone
		{5FF8B9AE-2F14-4B02-88FE-9EF117CDF5E8}.Debug|Any CPU.Build.0 = Debug|iPhone
		{5FF8B9AE-2F14-4B02-88FE-9EF117CDF5E8}.Debug|Any CPU.Deploy.0 = Debug|iPhone
		{5FF8B9AE-2F14-4B02-88FE-9EF117CDF5E8}.Debug|ARM.ActiveCfg = Debug|iPhoneSimulator
		{5FF8B9AE-2F14-4B02-88FE-9EF117CDF5E8}.Debug|ARM.Build.0 = Debug|iPhoneSimulator
		{5FF8B9AE-2F14-4B02-88FE-9EF117CDF5E8}.Debug|ARM.Deploy.0 = Debug|iPhoneSimulator
		{5FF8B9AE-2F14-4B02-88FE-9EF117CDF5E8}.Debug|iPhone.ActiveCfg = Debug|iPhone
		{5FF8B9AE-2F14-4B02-88FE-9EF117CDF5E8}.Debug|iPhone.Build.0 = Debug|iPhone
		{5FF8B9AE-2F14-4B02-88FE-9EF117CDF5E8}.Debug|iPhone.Deploy.0 = Debug|iPhone
		{5FF8B9AE-2F14-4B02-88FE-9EF117CDF5E8}.Debug|iPhoneSimulator.ActiveCfg = Debug|iPhoneSimulator
		{5FF8B9AE-2F14-4B02-88FE-9EF117CDF5E8}.Debug|iPhoneSimulator.Build.0 = Debug|iPhoneSimulator
		{5FF8B9AE-2F14-4B02-88FE-9EF117CDF5E8}.Debug|iPhoneSimulator.Deploy.0 = Debug|iPhoneSimulator
		{5FF8B9AE-2F14-4B02-88FE-9EF117CDF5E8}.Debug|x64.ActiveCfg = Debug|iPhone
		{5FF8B9AE-2F14-4B02-88FE-9EF117CDF5E8}.Debug|x64.Build.0 = Debug|iPhone
		{5FF8B9AE-2F14-4B02-88FE-9EF117CDF5E8}.Debug|x64.Deploy.0 = Debug|iPhone
		{5FF8B9AE-2F14-4B02-88FE-9EF117CDF5E8}.Debug|x86.ActiveCfg = Debug|iPhone
		{5FF8B9AE-2F14-4B02-88FE-9EF117CDF5E8}.Debug|x86.Build.0 = Debug|iPhone
		{5FF8B9AE-2F14-4B02-88FE-9EF117CDF5E8}.Debug|x86.Deploy.0 = Debug|iPhone
		{5FF8B9AE-2F14-4B02-88FE-9EF117CDF5E8}.Release|Any CPU.ActiveCfg = Release|iPhone
		{5FF8B9AE-2F14-4B02-88FE-9EF117CDF5E8}.Release|Any CPU.Build.0 = Release|iPhone
		{5FF8B9AE-2F14-4B02-88FE-9EF117CDF5E8}.Release|Any CPU.Deploy.0 = Release|iPhone
		{5FF8B9AE-2F14-4B02-88FE-9EF117CDF5E8}.Release|ARM.ActiveCfg = Release|iPhone
		{5FF8B9AE-2F14-4B02-88FE-9EF117CDF5E8}.Release|ARM.Build.0 = Release|iPhone
		{5FF8B9AE-2F14-4B02-88FE-9EF117CDF5E8}.Release|ARM.Deploy.0 = Release|iPhone
		{5FF8B9AE-2F14-4B02-88FE-9EF117CDF5E8}.Release|iPhone.ActiveCfg = Release|iPhone
		{5FF8B9AE-2F14-4B02-88FE-9EF117CDF5E8}.Release|iPhone.Build.0 = Release|iPhone
		{5FF8B9AE-2F14-4B02-88FE-9EF117CDF5E8}.Release|iPhone.Deploy.0 = Release|iPhone
		{5FF8B9AE-2F14-4B02-88FE-9EF117CDF5E8}.Release|iPhoneSimulator.ActiveCfg = Release|iPhoneSimulator
		{5FF8B9AE-2F14-4B02-88FE-9EF117CDF5E8}.Release|iPhoneSimulator.Build.0 = Release|iPhoneSimulator
		{5FF8B9AE-2F14-4B02-88FE-9EF117CDF5E8}.Release|iPhoneSimulator.Deploy.0 = Release|iPhoneSimulator
		{5FF8B9AE-2F14-4B02-88FE-9EF117CDF5E8}.Release|x64.ActiveCfg = Release|iPhone
		{5FF8B9AE-2F14-4B02-88FE-9EF117CDF5E8}.Release|x64.Build.0 = Release|iPhone
		{5FF8B9AE-2F14-4B02-88FE-9EF117CDF5E8}.Release|x64.Deploy.0 = Release|iPhone
		{5FF8B9AE-2F14-4B02-88FE-9EF117CDF5E8}.Release|x86.ActiveCfg = Release|iPhone
		{5FF8B9AE-2F14-4B02-88FE-9EF117CDF5E8}.Release|x86.Build.0 = Release|iPhone
		{5FF8B9AE-2F14-4B02-88FE-9EF117CDF5E8}.Release|x86.Deploy.0 = Release|iPhone
		{3CDBC1B2-AAAE-4FCC-8D80-8DDDBDB2818F}.Debug|Any CPU.ActiveCfg = Debug|Any CPU
		{3CDBC1B2-AAAE-4FCC-8D80-8DDDBDB2818F}.Debug|Any CPU.Build.0 = Debug|Any CPU
		{3CDBC1B2-AAAE-4FCC-8D80-8DDDBDB2818F}.Debug|Any CPU.Deploy.0 = Debug|Any CPU
		{3CDBC1B2-AAAE-4FCC-8D80-8DDDBDB2818F}.Debug|ARM.ActiveCfg = Debug|Any CPU
		{3CDBC1B2-AAAE-4FCC-8D80-8DDDBDB2818F}.Debug|ARM.Build.0 = Debug|Any CPU
		{3CDBC1B2-AAAE-4FCC-8D80-8DDDBDB2818F}.Debug|ARM.Deploy.0 = Debug|Any CPU
		{3CDBC1B2-AAAE-4FCC-8D80-8DDDBDB2818F}.Debug|iPhone.ActiveCfg = Debug|Any CPU
		{3CDBC1B2-AAAE-4FCC-8D80-8DDDBDB2818F}.Debug|iPhone.Build.0 = Debug|Any CPU
		{3CDBC1B2-AAAE-4FCC-8D80-8DDDBDB2818F}.Debug|iPhone.Deploy.0 = Debug|Any CPU
		{3CDBC1B2-AAAE-4FCC-8D80-8DDDBDB2818F}.Debug|iPhoneSimulator.ActiveCfg = Debug|Any CPU
		{3CDBC1B2-AAAE-4FCC-8D80-8DDDBDB2818F}.Debug|iPhoneSimulator.Build.0 = Debug|Any CPU
		{3CDBC1B2-AAAE-4FCC-8D80-8DDDBDB2818F}.Debug|iPhoneSimulator.Deploy.0 = Debug|Any CPU
		{3CDBC1B2-AAAE-4FCC-8D80-8DDDBDB2818F}.Debug|x64.ActiveCfg = Debug|Any CPU
		{3CDBC1B2-AAAE-4FCC-8D80-8DDDBDB2818F}.Debug|x64.Build.0 = Debug|Any CPU
		{3CDBC1B2-AAAE-4FCC-8D80-8DDDBDB2818F}.Debug|x64.Deploy.0 = Debug|Any CPU
		{3CDBC1B2-AAAE-4FCC-8D80-8DDDBDB2818F}.Debug|x86.ActiveCfg = Debug|Any CPU
		{3CDBC1B2-AAAE-4FCC-8D80-8DDDBDB2818F}.Debug|x86.Build.0 = Debug|Any CPU
		{3CDBC1B2-AAAE-4FCC-8D80-8DDDBDB2818F}.Debug|x86.Deploy.0 = Debug|Any CPU
		{3CDBC1B2-AAAE-4FCC-8D80-8DDDBDB2818F}.Release|Any CPU.ActiveCfg = Release|Any CPU
		{3CDBC1B2-AAAE-4FCC-8D80-8DDDBDB2818F}.Release|Any CPU.Build.0 = Release|Any CPU
		{3CDBC1B2-AAAE-4FCC-8D80-8DDDBDB2818F}.Release|Any CPU.Deploy.0 = Release|Any CPU
		{3CDBC1B2-AAAE-4FCC-8D80-8DDDBDB2818F}.Release|ARM.ActiveCfg = Release|Any CPU
		{3CDBC1B2-AAAE-4FCC-8D80-8DDDBDB2818F}.Release|ARM.Build.0 = Release|Any CPU
		{3CDBC1B2-AAAE-4FCC-8D80-8DDDBDB2818F}.Release|ARM.Deploy.0 = Release|Any CPU
		{3CDBC1B2-AAAE-4FCC-8D80-8DDDBDB2818F}.Release|iPhone.ActiveCfg = Release|Any CPU
		{3CDBC1B2-AAAE-4FCC-8D80-8DDDBDB2818F}.Release|iPhone.Build.0 = Release|Any CPU
		{3CDBC1B2-AAAE-4FCC-8D80-8DDDBDB2818F}.Release|iPhone.Deploy.0 = Release|Any CPU
		{3CDBC1B2-AAAE-4FCC-8D80-8DDDBDB2818F}.Release|iPhoneSimulator.ActiveCfg = Release|Any CPU
		{3CDBC1B2-AAAE-4FCC-8D80-8DDDBDB2818F}.Release|iPhoneSimulator.Build.0 = Release|Any CPU
		{3CDBC1B2-AAAE-4FCC-8D80-8DDDBDB2818F}.Release|iPhoneSimulator.Deploy.0 = Release|Any CPU
		{3CDBC1B2-AAAE-4FCC-8D80-8DDDBDB2818F}.Release|x64.ActiveCfg = Release|Any CPU
		{3CDBC1B2-AAAE-4FCC-8D80-8DDDBDB2818F}.Release|x64.Build.0 = Release|Any CPU
		{3CDBC1B2-AAAE-4FCC-8D80-8DDDBDB2818F}.Release|x64.Deploy.0 = Release|Any CPU
		{3CDBC1B2-AAAE-4FCC-8D80-8DDDBDB2818F}.Release|x86.ActiveCfg = Release|Any CPU
		{3CDBC1B2-AAAE-4FCC-8D80-8DDDBDB2818F}.Release|x86.Build.0 = Release|Any CPU
		{3CDBC1B2-AAAE-4FCC-8D80-8DDDBDB2818F}.Release|x86.Deploy.0 = Release|Any CPU
	EndGlobalSection
	GlobalSection(SolutionProperties) = preSolution
		HideSolutionNode = FALSE
	EndGlobalSection
	GlobalSection(ExtensibilityGlobals) = postSolution
		SolutionGuid = {76612EDD-527B-4596-9B4B-7A6BA07D2C11}
	EndGlobalSection
EndGlobal
